
Microsoft Visual Studio Solution File, Format Version 12.00
# Visual Studio Version 17
VisualStudioVersion = 17.8.34511.84
MinimumVisualStudioVersion = 10.0.40219.1
Project("{9A19103F-16F7-4668-BE54-9A1E7A4F7556}") = "OilHistory.Web", "OilHistory.Web\OilHistory.Web.csproj", "{FD492816-ECC3-4809-876E-CE67F37619D1}"
EndProject
Project("{9A19103F-16F7-4668-BE54-9A1E7A4F7556}") = "OilHistory.Client", "OilHistory.Client\OilHistory.Client.csproj", "{1952F97C-B9D1-483E-BA89-DE6BB4FB663B}"
EndProject
Global
	GlobalSection(SolutionConfigurationPlatforms) = preSolution
		Debug|Any CPU = Debug|Any CPU
		Release|Any CPU = Release|Any CPU
	EndGlobalSection
	GlobalSection(ProjectConfigurationPlatforms) = postSolution
		{FD492816-ECC3-4809-876E-CE67F37619D1}.Debug|Any CPU.ActiveCfg = Debug|Any CPU
		{FD492816-ECC3-4809-876E-CE67F37619D1}.Debug|Any CPU.Build.0 = Debug|Any CPU
		{FD492816-ECC3-4809-876E-CE67F37619D1}.Release|Any CPU.ActiveCfg = Release|Any CPU
		{FD492816-ECC3-4809-876E-CE67F37619D1}.Release|Any CPU.Build.0 = Release|Any CPU
		{1952F97C-B9D1-483E-BA89-DE6BB4FB663B}.Debug|Any CPU.ActiveCfg = Debug|Any CPU
		{1952F97C-B9D1-483E-BA89-DE6BB4FB663B}.Debug|Any CPU.Build.0 = Debug|Any CPU
		{1952F97C-B9D1-483E-BA89-DE6BB4FB663B}.Release|Any CPU.ActiveCfg = Release|Any CPU
		{1952F97C-B9D1-483E-BA89-DE6BB4FB663B}.Release|Any CPU.Build.0 = Release|Any CPU
	EndGlobalSection
	GlobalSection(SolutionProperties) = preSolution
		HideSolutionNode = FALSE
	EndGlobalSection
	GlobalSection(ExtensibilityGlobals) = postSolution
		SolutionGuid = {27709C53-220B-4E9A-AD33-F0DF7772BC34}
	EndGlobalSection
EndGlobal
